
Microsoft Visual Studio Solution File, Format Version 12.00
# Visual Studio Version 17
VisualStudioVersion = 17.4.33110.190
MinimumVisualStudioVersion = 10.0.40219.1
Project("{FAE04EC0-301F-11D3-BF4B-00C04F79EFBC}") = "MapRect", "MapRect\MapRect.csproj", "{F6381DAB-CDD9-4DF4-8017-BF25CCDEF1AA}"
EndProject
Global
	GlobalSection(SolutionConfigurationPlatforms) = preSolution
		Debug|Any CPU = Debug|Any CPU
		Debug|x86 = Debug|x86
		Release|Any CPU = Release|Any CPU
		Release|x86 = Release|x86
	EndGlobalSection
	GlobalSection(ProjectConfigurationPlatforms) = postSolution
		{F6381DAB-CDD9-4DF4-8017-BF25CCDEF1AA}.Debug|Any CPU.ActiveCfg = Debug|Any CPU
		{F6381DAB-CDD9-4DF4-8017-BF25CCDEF1AA}.Debug|Any CPU.Build.0 = Debug|Any CPU
		{F6381DAB-CDD9-4DF4-8017-BF25CCDEF1AA}.Debug|x86.ActiveCfg = Debug|Any CPU
		{F6381DAB-CDD9-4DF4-8017-BF25CCDEF1AA}.Debug|x86.Build.0 = Debug|Any CPU
		{F6381DAB-CDD9-4DF4-8017-BF25CCDEF1AA}.Release|Any CPU.ActiveCfg = Release|Any CPU
		{F6381DAB-CDD9-4DF4-8017-BF25CCDEF1AA}.Release|Any CPU.Build.0 = Release|Any CPU
		{F6381DAB-CDD9-4DF4-8017-BF25CCDEF1AA}.Release|x86.ActiveCfg = Release|Any CPU
		{F6381DAB-CDD9-4DF4-8017-BF25CCDEF1AA}.Release|x86.Build.0 = Release|Any CPU
	EndGlobalSection
	GlobalSection(SolutionProperties) = preSolution
		HideSolutionNode = FALSE
	EndGlobalSection
	GlobalSection(ExtensibilityGlobals) = postSolution
		SolutionGuid = {F9696BEF-98C2-4FE1-934D-A93A6066A806}
	EndGlobalSection
EndGlobal
